
Microsoft Visual Studio Solution File, Format Version 12.00
# Visual Studio Version 17
VisualStudioVersion = 17.11.35312.102
MinimumVisualStudioVersion = 10.0.40219.1
Project("{FAE04EC0-301F-11D3-BF4B-00C04F79EFBC}") = "Mastermind_Ogie", "Mastermind_Ogie\Mastermind_Ogie.csproj", "{01988998-6FD7-46B4-B611-172EA6D5CFB3}"
EndProject
Global
	GlobalSection(SolutionConfigurationPlatforms) = preSolution
		Debug|Any CPU = Debug|Any CPU
		Release|Any CPU = Release|Any CPU
	EndGlobalSection
	GlobalSection(ProjectConfigurationPlatforms) = postSolution
		{01988998-6FD7-46B4-B611-172EA6D5CFB3}.Debug|Any CPU.ActiveCfg = Debug|Any CPU
		{01988998-6FD7-46B4-B611-172EA6D5CFB3}.Debug|Any CPU.Build.0 = Debug|Any CPU
		{01988998-6FD7-46B4-B611-172EA6D5CFB3}.Release|Any CPU.ActiveCfg = Release|Any CPU
		{01988998-6FD7-46B4-B611-172EA6D5CFB3}.Release|Any CPU.Build.0 = Release|Any CPU
	EndGlobalSection
	GlobalSection(SolutionProperties) = preSolution
		HideSolutionNode = FALSE
	EndGlobalSection
	GlobalSection(ExtensibilityGlobals) = postSolution
		SolutionGuid = {A16696D3-8FB3-4EE7-851E-B46D5F9DDDD6}
	EndGlobalSection
EndGlobal
